# THIS IS AN AUTOGENERATED FILE. DO NOT EDIT THIS FILE DIRECTLY.
# yarn lockfile v1


astring@^1.4.3:
  version "1.4.3"
  resolved "https://registry.yarnpkg.com/astring/-/astring-1.4.3.tgz#b99d4b0349bc7b28934bb9f03f86ec34d69c3a09"
  integrity sha512-yJlJU/bmN820vL+cbWShu2YQU87dBP5V7BH2N4wODapRv27A2dZtUD0LgjP9lZENvPe9XRoSyWx+pZR6qKqNBw==

awaitify-stream@^1.0.2:
  version "1.0.2"
  resolved "https://registry.yarnpkg.com/awaitify-stream/-/awaitify-stream-1.0.2.tgz#349c905620f9341be948a8033ee7a29034d3a46a"
  integrity sha512-JE6mrRIPxhBQWt9Mu4u2XJF9V9xp4p5+Uxif/Ol/s2TFC/9+offUE50j/KQdaVWwMyGlKrlsE7Ncq/yhc6AJ+w==

shen-script@^0.16.0:
  version "0.16.0"
  resolved "https://registry.yarnpkg.com/shen-script/-/shen-script-0.16.0.tgz#0329e139292be77288879113bff3d8e9fc8440bd"
  integrity sha512-hr5dxZo9xpxRKXxuKAvvoQ77en2Xbp+SgnoXp99VkqJZQw3HQqftOd5zA1NGxz+QSdxzHyxcxyhJzNNw9DOl8Q==
  dependencies:
    astring "^1.4.3"
    awaitify-stream "^1.0.2"
